
Microsoft Visual Studio Solution File, Format Version 12.00
# Visual Studio Version 16
VisualStudioVersion = 16.0.30011.22
MinimumVisualStudioVersion = 10.0.40219.1
Project("{FAE04EC0-301F-11D3-BF4B-00C04F79EFBC}") = "NeuralNet", "NeuralNet\NeuralNet.csproj", "{D21E0603-B861-4EE1-A058-25FF757DACA4}"
EndProject
Global
	GlobalSection(SolutionConfigurationPlatforms) = preSolution
		Debug|Any CPU = Debug|Any CPU
		Release|Any CPU = Release|Any CPU
	EndGlobalSection
	GlobalSection(ProjectConfigurationPlatforms) = postSolution
		{D21E0603-B861-4EE1-A058-25FF757DACA4}.Debug|Any CPU.ActiveCfg = Debug|Any CPU
		{D21E0603-B861-4EE1-A058-25FF757DACA4}.Debug|Any CPU.Build.0 = Debug|Any CPU
		{D21E0603-B861-4EE1-A058-25FF757DACA4}.Release|Any CPU.ActiveCfg = Release|Any CPU
		{D21E0603-B861-4EE1-A058-25FF757DACA4}.Release|Any CPU.Build.0 = Release|Any CPU
	EndGlobalSection
	GlobalSection(SolutionProperties) = preSolution
		HideSolutionNode = FALSE
	EndGlobalSection
	GlobalSection(ExtensibilityGlobals) = postSolution
		SolutionGuid = {E7BC8FCB-18A7-4178-912B-8A500763A418}
	EndGlobalSection
EndGlobal
